# THIS IS AN AUTOGENERATED FILE. DO NOT EDIT THIS FILE DIRECTLY.
# yarn lockfile v1


bottlejs@2.0.0:
  version "2.0.0"
  resolved "https://registry.yarnpkg.com/bottlejs/-/bottlejs-2.0.0.tgz#c1770ac9c6ca435b13e8c4da71ed779b8cd398e8"
  integrity sha512-Qhz5dd1YPTOHw0gZ1a1WpJ/oEWsq09BMMbxczeAPgubISij+ZFfah7wfOlHFeFQpWLQkS9TGz5C54tV6v0BlFA==
