# THIS IS AN AUTOGENERATED FILE. DO NOT EDIT THIS FILE DIRECTLY.
# yarn lockfile v1


bottlejs@2.0.1:
  version "2.0.1"
  resolved "https://registry.yarnpkg.com/bottlejs/-/bottlejs-2.0.1.tgz#f2c97b3ee7a180a1a42c5156eb7ac5b7a2beaf09"
  integrity sha512-50T0bzqeAqZ+//kgjdDxNu7UP8Je04isNPyHPwwOOPoeZmtVESkuF9nwkWEqSEd9Sw1yJ1oaoHBAMxe/wG4Zzg==
